schema: '2.0'
stages:
  prepare:
    cmd: poetry run python -m src.prepare_data
    deps:
    - path: data/raw/creditcard.csv
      hash: md5
      md5: e90efcb83d69faf99fcab8b0255024de
      size: 150828752
    - path: src/config.py
      hash: md5
      md5: 357f872d116e4dd51574b47343d35c08
      size: 565
    - path: src/features.py
      hash: md5
      md5: 5e89ffb4c8bc5d0aa58653e076ae82a2
      size: 303
    - path: src/prepare_data.py
      hash: md5
      md5: f169a68d672c79ad599775d7b1e869f3
      size: 1157
    outs:
    - path: artifacts/X_test.joblib
      hash: md5
      md5: 8c547bf1651db2c8e51754ca04ed86d2
      size: 13671963
    - path: artifacts/X_train.joblib
      hash: md5
      md5: ba2557324bb7e0e27489f0f455d0e8ae
      size: 54683907
    - path: artifacts/y_test.joblib
      hash: md5
      md5: 7718790143d8230a1f2ee7c60eef7e4c
      size: 1823584
    - path: artifacts/y_train.joblib
      hash: md5
      md5: ada00e6e15815e687f1b59e0e5b1a795
      size: 7291850
  train:
    cmd: poetry run python -m src.train_model
    deps:
    - path: artifacts/X_train.joblib
      hash: md5
      md5: ba2557324bb7e0e27489f0f455d0e8ae
      size: 54683907
    - path: artifacts/y_train.joblib
      hash: md5
      md5: ada00e6e15815e687f1b59e0e5b1a795
      size: 7291850
    - path: src/config.py
      hash: md5
      md5: 357f872d116e4dd51574b47343d35c08
      size: 565
    - path: src/train_model.py
      hash: md5
      md5: 670a19a6d8292ae0cf5d3c03120817bf
      size: 627
    params:
      params.yaml:
        train:
          n_estimators: 500
          max_depth: 6
          learning_rate: 0.05
          subsample: 0.8
          colsample_bytree: 0.8
          scale_pos_weight: 300
          random_state: 37
    outs:
    - path: artifacts/model_xgb.joblib
      hash: md5
      md5: 74e14220b87adcddfd668bd60f32ec31
      size: 1201800
  evaluate:
    cmd: poetry run python -m src.evaluate
    deps:
    - path: artifacts/X_test.joblib
      hash: md5
      md5: 8c547bf1651db2c8e51754ca04ed86d2
      size: 13671963
    - path: artifacts/model_xgb.joblib
      hash: md5
      md5: 74e14220b87adcddfd668bd60f32ec31
      size: 1201800
    - path: artifacts/y_test.joblib
      hash: md5
      md5: 7718790143d8230a1f2ee7c60eef7e4c
      size: 1823584
    - path: src/config.py
      hash: md5
      md5: 357f872d116e4dd51574b47343d35c08
      size: 565
    - path: src/evaluate.py
      hash: md5
      md5: 08d4a86afe616112a723c343838c2984
      size: 3000
    params:
      params.yaml:
        eval:
          threshold: 0.3
    outs:
    - path: artifacts/graphs.png
      hash: md5
      md5: 78a251ced3489edf774a45222026c5f0
      size: 16888
    - path: artifacts/metrics.json
      hash: md5
      md5: be5b04fdd15c8de388d88c4a2dc8589d
      size: 1195
